// !$*UTF8*$!
{
	archiveVersion = 1;
	classes = {
	};
	objectVersion = 56;
	objects = {

/* Begin PBXBuildFile section */
		5C01ACF02C152238006CFF5F /* AppDelegate.swift in Sources */ = {isa = PBXBuildFile; fileRef = 5C01ACEF2C152238006CFF5F /* AppDelegate.swift */; };
		5C01ACF22C152238006CFF5F /* SceneDelegate.swift in Sources */ = {isa = PBXBuildFile; fileRef = 5C01ACF12C152238006CFF5F /* SceneDelegate.swift */; };
		5C01ACF42C152238006CFF5F /* HomeViewController.swift in Sources */ = {isa = PBXBuildFile; fileRef = 5C01ACF32C152238006CFF5F /* HomeViewController.swift */; };
		5C01ACF92C152239006CFF5F /* Assets.xcassets in Resources */ = {isa = PBXBuildFile; fileRef = 5C01ACF82C152239006CFF5F /* Assets.xcassets */; };
		5C01ACFC2C152239006CFF5F /* Base in Resources */ = {isa = PBXBuildFile; fileRef = 5C01ACFB2C152239006CFF5F /* Base */; };
		5C01AD112C152B2E006CFF5F /* APHomeView.swift in Sources */ = {isa = PBXBuildFile; fileRef = 5C01AD102C152B2E006CFF5F /* APHomeView.swift */; };
		5C01AD132C152EAB006CFF5F /* TabBarViewController.swift in Sources */ = {isa = PBXBuildFile; fileRef = 5C01AD122C152EAB006CFF5F /* TabBarViewController.swift */; };
		5C01AD152C1531A4006CFF5F /* SignUpViewController.swift in Sources */ = {isa = PBXBuildFile; fileRef = 5C01AD142C1531A4006CFF5F /* SignUpViewController.swift */; };
		5C01AD172C15331A006CFF5F /* SignUpView.swift in Sources */ = {isa = PBXBuildFile; fileRef = 5C01AD162C15331A006CFF5F /* SignUpView.swift */; };
		5C01AD192C15357E006CFF5F /* BudgetViewController.swift in Sources */ = {isa = PBXBuildFile; fileRef = 5C01AD182C15357E006CFF5F /* BudgetViewController.swift */; };
		5C01AD1C2C1535E1006CFF5F /* APBudgetView.swift in Sources */ = {isa = PBXBuildFile; fileRef = 5C01AD1B2C1535E1006CFF5F /* APBudgetView.swift */; };
		5C01AD1E2C153ADA006CFF5F /* SharedItensViewController.swift in Sources */ = {isa = PBXBuildFile; fileRef = 5C01AD1D2C153ADA006CFF5F /* SharedItensViewController.swift */; };
		5C01AD212C153BB2006CFF5F /* APSharedItensView.swift in Sources */ = {isa = PBXBuildFile; fileRef = 5C01AD202C153BB2006CFF5F /* APSharedItensView.swift */; };
		5C01AD232C154077006CFF5F /* ProfileViewController.swift in Sources */ = {isa = PBXBuildFile; fileRef = 5C01AD222C154077006CFF5F /* ProfileViewController.swift */; };
		5C01AD262C154098006CFF5F /* APProfileView.swift in Sources */ = {isa = PBXBuildFile; fileRef = 5C01AD252C154098006CFF5F /* APProfileView.swift */; };
		5C043DD32C267BB8004A95A7 /* HouseSignUpViewController.swift in Sources */ = {isa = PBXBuildFile; fileRef = 5C043DD22C267BB8004A95A7 /* HouseSignUpViewController.swift */; };
		5C043DD52C267BE6004A95A7 /* HouseSignUpView.swift in Sources */ = {isa = PBXBuildFile; fileRef = 5C043DD42C267BE6004A95A7 /* HouseSignUpView.swift */; };
		5C2E77B32C25D318003BCA83 /* Extensions.swift in Sources */ = {isa = PBXBuildFile; fileRef = 5C2E77B22C25D318003BCA83 /* Extensions.swift */; };
		5C40F04D2C2686CA0005179C /* ResidentSignUpViewController.swift in Sources */ = {isa = PBXBuildFile; fileRef = 5C40F04C2C2686CA0005179C /* ResidentSignUpViewController.swift */; };
		5C40F04F2C2687050005179C /* APResidentSignUpView.swift in Sources */ = {isa = PBXBuildFile; fileRef = 5C40F04E2C2687050005179C /* APResidentSignUpView.swift */; };
		5C554EE52C854A36004D54EB /* HouseSignUpStep4View.swift in Sources */ = {isa = PBXBuildFile; fileRef = 5C554EE42C854A36004D54EB /* HouseSignUpStep4View.swift */; };
		5C554EE72C854A5E004D54EB /* HouseSignUpStep4ViewController.swift in Sources */ = {isa = PBXBuildFile; fileRef = 5C554EE62C854A5E004D54EB /* HouseSignUpStep4ViewController.swift */; };
		5CBE25822C390375000858C1 /* HouseSignUpStep2ViewController.swift in Sources */ = {isa = PBXBuildFile; fileRef = 5CBE25812C390375000858C1 /* HouseSignUpStep2ViewController.swift */; };
		5CBE25842C39038D000858C1 /* HouseSignUpStep2View.swift in Sources */ = {isa = PBXBuildFile; fileRef = 5CBE25832C39038D000858C1 /* HouseSignUpStep2View.swift */; };
		5CDE8A0F2C3A2C62004B557F /* HouseSignUpStep3ViewController.swift in Sources */ = {isa = PBXBuildFile; fileRef = 5CDE8A0E2C3A2C62004B557F /* HouseSignUpStep3ViewController.swift */; };
		5CDE8A112C3A2CF4004B557F /* HouseSignUpStep3View.swift in Sources */ = {isa = PBXBuildFile; fileRef = 5CDE8A102C3A2CF4004B557F /* HouseSignUpStep3View.swift */; };
/* End PBXBuildFile section */

/* Begin PBXFileReference section */
		5C01ACEC2C152238006CFF5F /* Apto91.app */ = {isa = PBXFileReference; explicitFileType = wrapper.application; includeInIndex = 0; path = Apto91.app; sourceTree = BUILT_PRODUCTS_DIR; };
		5C01ACEF2C152238006CFF5F /* AppDelegate.swift */ = {isa = PBXFileReference; lastKnownFileType = sourcecode.swift; path = AppDelegate.swift; sourceTree = "<group>"; };
		5C01ACF12C152238006CFF5F /* SceneDelegate.swift */ = {isa = PBXFileReference; lastKnownFileType = sourcecode.swift; path = SceneDelegate.swift; sourceTree = "<group>"; };
		5C01ACF32C152238006CFF5F /* HomeViewController.swift */ = {isa = PBXFileReference; lastKnownFileType = sourcecode.swift; path = HomeViewController.swift; sourceTree = "<group>"; };
		5C01ACF82C152239006CFF5F /* Assets.xcassets */ = {isa = PBXFileReference; lastKnownFileType = folder.assetcatalog; path = Assets.xcassets; sourceTree = "<group>"; };
		5C01ACFB2C152239006CFF5F /* Base */ = {isa = PBXFileReference; lastKnownFileType = file.storyboard; name = Base; path = Base.lproj/LaunchScreen.storyboard; sourceTree = "<group>"; };
		5C01ACFD2C152239006CFF5F /* Info.plist */ = {isa = PBXFileReference; lastKnownFileType = text.plist.xml; path = Info.plist; sourceTree = "<group>"; };
		5C01AD102C152B2E006CFF5F /* APHomeView.swift */ = {isa = PBXFileReference; lastKnownFileType = sourcecode.swift; path = APHomeView.swift; sourceTree = "<group>"; };
		5C01AD122C152EAB006CFF5F /* TabBarViewController.swift */ = {isa = PBXFileReference; lastKnownFileType = sourcecode.swift; path = TabBarViewController.swift; sourceTree = "<group>"; };
		5C01AD142C1531A4006CFF5F /* SignUpViewController.swift */ = {isa = PBXFileReference; lastKnownFileType = sourcecode.swift; path = SignUpViewController.swift; sourceTree = "<group>"; };
		5C01AD162C15331A006CFF5F /* SignUpView.swift */ = {isa = PBXFileReference; lastKnownFileType = sourcecode.swift; path = SignUpView.swift; sourceTree = "<group>"; };
		5C01AD182C15357E006CFF5F /* BudgetViewController.swift */ = {isa = PBXFileReference; lastKnownFileType = sourcecode.swift; path = BudgetViewController.swift; sourceTree = "<group>"; };
		5C01AD1B2C1535E1006CFF5F /* APBudgetView.swift */ = {isa = PBXFileReference; lastKnownFileType = sourcecode.swift; path = APBudgetView.swift; sourceTree = "<group>"; };
		5C01AD1D2C153ADA006CFF5F /* SharedItensViewController.swift */ = {isa = PBXFileReference; lastKnownFileType = sourcecode.swift; path = SharedItensViewController.swift; sourceTree = "<group>"; };
		5C01AD202C153BB2006CFF5F /* APSharedItensView.swift */ = {isa = PBXFileReference; lastKnownFileType = sourcecode.swift; path = APSharedItensView.swift; sourceTree = "<group>"; };
		5C01AD222C154077006CFF5F /* ProfileViewController.swift */ = {isa = PBXFileReference; lastKnownFileType = sourcecode.swift; path = ProfileViewController.swift; sourceTree = "<group>"; };
		5C01AD252C154098006CFF5F /* APProfileView.swift */ = {isa = PBXFileReference; lastKnownFileType = sourcecode.swift; path = APProfileView.swift; sourceTree = "<group>"; };
		5C043DD22C267BB8004A95A7 /* HouseSignUpViewController.swift */ = {isa = PBXFileReference; lastKnownFileType = sourcecode.swift; path = HouseSignUpViewController.swift; sourceTree = "<group>"; };
		5C043DD42C267BE6004A95A7 /* HouseSignUpView.swift */ = {isa = PBXFileReference; lastKnownFileType = sourcecode.swift; path = HouseSignUpView.swift; sourceTree = "<group>"; };
		5C2E77B22C25D318003BCA83 /* Extensions.swift */ = {isa = PBXFileReference; lastKnownFileType = sourcecode.swift; path = Extensions.swift; sourceTree = "<group>"; };
		5C40F04C2C2686CA0005179C /* ResidentSignUpViewController.swift */ = {isa = PBXFileReference; lastKnownFileType = sourcecode.swift; path = ResidentSignUpViewController.swift; sourceTree = "<group>"; };
		5C40F04E2C2687050005179C /* APResidentSignUpView.swift */ = {isa = PBXFileReference; lastKnownFileType = sourcecode.swift; path = APResidentSignUpView.swift; sourceTree = "<group>"; };
		5C554EE42C854A36004D54EB /* HouseSignUpStep4View.swift */ = {isa = PBXFileReference; lastKnownFileType = sourcecode.swift; path = HouseSignUpStep4View.swift; sourceTree = "<group>"; };
		5C554EE62C854A5E004D54EB /* HouseSignUpStep4ViewController.swift */ = {isa = PBXFileReference; lastKnownFileType = sourcecode.swift; path = HouseSignUpStep4ViewController.swift; sourceTree = "<group>"; };
		5CBE25812C390375000858C1 /* HouseSignUpStep2ViewController.swift */ = {isa = PBXFileReference; lastKnownFileType = sourcecode.swift; path = HouseSignUpStep2ViewController.swift; sourceTree = "<group>"; };
		5CBE25832C39038D000858C1 /* HouseSignUpStep2View.swift */ = {isa = PBXFileReference; lastKnownFileType = sourcecode.swift; path = HouseSignUpStep2View.swift; sourceTree = "<group>"; };
		5CDE8A0E2C3A2C62004B557F /* HouseSignUpStep3ViewController.swift */ = {isa = PBXFileReference; lastKnownFileType = sourcecode.swift; path = HouseSignUpStep3ViewController.swift; sourceTree = "<group>"; };
		5CDE8A102C3A2CF4004B557F /* HouseSignUpStep3View.swift */ = {isa = PBXFileReference; lastKnownFileType = sourcecode.swift; path = HouseSignUpStep3View.swift; sourceTree = "<group>"; };
/* End PBXFileReference section */

/* Begin PBXFrameworksBuildPhase section */
		5C01ACE92C152238006CFF5F /* Frameworks */ = {
			isa = PBXFrameworksBuildPhase;
			buildActionMask = 2147483647;
			files = (
			);
			runOnlyForDeploymentPostprocessing = 0;
		};
/* End PBXFrameworksBuildPhase section */

/* Begin PBXGroup section */
		5C01ACE32C152238006CFF5F = {
			isa = PBXGroup;
			children = (
				5C01ACEE2C152238006CFF5F /* Apto91 */,
				5C01ACED2C152238006CFF5F /* Products */,
			);
			sourceTree = "<group>";
		};
		5C01ACED2C152238006CFF5F /* Products */ = {
			isa = PBXGroup;
			children = (
				5C01ACEC2C152238006CFF5F /* Apto91.app */,
			);
			name = Products;
			sourceTree = "<group>";
		};
		5C01ACEE2C152238006CFF5F /* Apto91 */ = {
			isa = PBXGroup;
			children = (
				5C01AD0C2C152796006CFF5F /* APIClient */,
				5C01AD072C15267F006CFF5F /* ViewModels */,
				5C01AD062C152676006CFF5F /* Views */,
				5C01AD042C152662006CFF5F /* Controllers */,
				5C01AD052C15266D006CFF5F /* Models */,
				5C01AD032C152655006CFF5F /* Resources */,
				5C01ACFD2C152239006CFF5F /* Info.plist */,
			);
			path = Apto91;
			sourceTree = "<group>";
		};
		5C01AD032C152655006CFF5F /* Resources */ = {
			isa = PBXGroup;
			children = (
				5C01ACFA2C152239006CFF5F /* LaunchScreen.storyboard */,
				5C01ACF82C152239006CFF5F /* Assets.xcassets */,
				5C01ACF12C152238006CFF5F /* SceneDelegate.swift */,
				5C01ACEF2C152238006CFF5F /* AppDelegate.swift */,
				5C2E77B22C25D318003BCA83 /* Extensions.swift */,
			);
			path = Resources;
			sourceTree = "<group>";
		};
		5C01AD042C152662006CFF5F /* Controllers */ = {
			isa = PBXGroup;
			children = (
				5C01AD082C1526F1006CFF5F /* Core */,
				5C01AD092C152706006CFF5F /* Others */,
			);
			path = Controllers;
			sourceTree = "<group>";
		};
		5C01AD052C15266D006CFF5F /* Models */ = {
			isa = PBXGroup;
			children = (
			);
			path = Models;
			sourceTree = "<group>";
		};
		5C01AD062C152676006CFF5F /* Views */ = {
			isa = PBXGroup;
			children = (
				5C01AD242C154080006CFF5F /* Profile */,
				5C01AD1F2C153B75006CFF5F /* Shared Itens */,
				5C01AD1A2C1535C8006CFF5F /* Budget */,
				5C01AD0D2C1527DB006CFF5F /* Sign Up */,
				5C01AD0A2C152726006CFF5F /* Home */,
			);
			path = Views;
			sourceTree = "<group>";
		};
		5C01AD072C15267F006CFF5F /* ViewModels */ = {
			isa = PBXGroup;
			children = (
				5C01AD0B2C152764006CFF5F /* Home */,
			);
			path = ViewModels;
			sourceTree = "<group>";
		};
		5C01AD082C1526F1006CFF5F /* Core */ = {
			isa = PBXGroup;
			children = (
				5C01ACF32C152238006CFF5F /* HomeViewController.swift */,
				5C01AD122C152EAB006CFF5F /* TabBarViewController.swift */,
				5C01AD182C15357E006CFF5F /* BudgetViewController.swift */,
				5C01AD1D2C153ADA006CFF5F /* SharedItensViewController.swift */,
				5C01AD222C154077006CFF5F /* ProfileViewController.swift */,
			);
			path = Core;
			sourceTree = "<group>";
		};
		5C01AD092C152706006CFF5F /* Others */ = {
			isa = PBXGroup;
			children = (
				5C01AD272C154270006CFF5F /* Sign Up */,
			);
			path = Others;
			sourceTree = "<group>";
		};
		5C01AD0A2C152726006CFF5F /* Home */ = {
			isa = PBXGroup;
			children = (
				5C01AD102C152B2E006CFF5F /* APHomeView.swift */,
			);
			path = Home;
			sourceTree = "<group>";
		};
		5C01AD0B2C152764006CFF5F /* Home */ = {
			isa = PBXGroup;
			children = (
			);
			path = Home;
			sourceTree = "<group>";
		};
		5C01AD0C2C152796006CFF5F /* APIClient */ = {
			isa = PBXGroup;
			children = (
			);
			path = APIClient;
			sourceTree = "<group>";
		};
		5C01AD0D2C1527DB006CFF5F /* Sign Up */ = {
			isa = PBXGroup;
			children = (
				5C01AD162C15331A006CFF5F /* SignUpView.swift */,
				5CBE257D2C3902B6000858C1 /* HouseFlow */,
				5CBE257E2C3902CD000858C1 /* ResidentFlow */,
			);
			path = "Sign Up";
			sourceTree = "<group>";
		};
		5C01AD1A2C1535C8006CFF5F /* Budget */ = {
			isa = PBXGroup;
			children = (
				5C01AD1B2C1535E1006CFF5F /* APBudgetView.swift */,
			);
			path = Budget;
			sourceTree = "<group>";
		};
		5C01AD1F2C153B75006CFF5F /* Shared Itens */ = {
			isa = PBXGroup;
			children = (
				5C01AD202C153BB2006CFF5F /* APSharedItensView.swift */,
			);
			path = "Shared Itens";
			sourceTree = "<group>";
		};
		5C01AD242C154080006CFF5F /* Profile */ = {
			isa = PBXGroup;
			children = (
				5C01AD252C154098006CFF5F /* APProfileView.swift */,
			);
			path = Profile;
			sourceTree = "<group>";
		};
		5C01AD272C154270006CFF5F /* Sign Up */ = {
			isa = PBXGroup;
			children = (
				5CBE25802C39033C000858C1 /* ResidentFlow */,
				5CBE257F2C390333000858C1 /* HouseFlow */,
				5C01AD142C1531A4006CFF5F /* SignUpViewController.swift */,
			);
			path = "Sign Up";
			sourceTree = "<group>";
		};
		5CBE257D2C3902B6000858C1 /* HouseFlow */ = {
			isa = PBXGroup;
			children = (
				5C043DD42C267BE6004A95A7 /* HouseSignUpView.swift */,
				5CBE25832C39038D000858C1 /* HouseSignUpStep2View.swift */,
				5CDE8A102C3A2CF4004B557F /* HouseSignUpStep3View.swift */,
				5C554EE42C854A36004D54EB /* HouseSignUpStep4View.swift */,
			);
			path = HouseFlow;
			sourceTree = "<group>";
		};
		5CBE257E2C3902CD000858C1 /* ResidentFlow */ = {
			isa = PBXGroup;
			children = (
				5C40F04E2C2687050005179C /* APResidentSignUpView.swift */,
			);
			path = ResidentFlow;
			sourceTree = "<group>";
		};
		5CBE257F2C390333000858C1 /* HouseFlow */ = {
			isa = PBXGroup;
			children = (
				5C043DD22C267BB8004A95A7 /* HouseSignUpViewController.swift */,
				5CBE25812C390375000858C1 /* HouseSignUpStep2ViewController.swift */,
				5CDE8A0E2C3A2C62004B557F /* HouseSignUpStep3ViewController.swift */,
				5C554EE62C854A5E004D54EB /* HouseSignUpStep4ViewController.swift */,
			);
			path = HouseFlow;
			sourceTree = "<group>";
		};
		5CBE25802C39033C000858C1 /* ResidentFlow */ = {
			isa = PBXGroup;
			children = (
				5C40F04C2C2686CA0005179C /* ResidentSignUpViewController.swift */,
			);
			path = ResidentFlow;
			sourceTree = "<group>";
		};
/* End PBXGroup section */

/* Begin PBXNativeTarget section */
		5C01ACEB2C152238006CFF5F /* Apto91 */ = {
			isa = PBXNativeTarget;
			buildConfigurationList = 5C01AD002C152239006CFF5F /* Build configuration list for PBXNativeTarget "Apto91" */;
			buildPhases = (
				5C01ACE82C152238006CFF5F /* Sources */,
				5C01ACE92C152238006CFF5F /* Frameworks */,
				5C01ACEA2C152238006CFF5F /* Resources */,
			);
			buildRules = (
			);
			dependencies = (
			);
			name = Apto91;
			productName = Apto91;
			productReference = 5C01ACEC2C152238006CFF5F /* Apto91.app */;
			productType = "com.apple.product-type.application";
		};
/* End PBXNativeTarget section */

/* Begin PBXProject section */
		5C01ACE42C152238006CFF5F /* Project object */ = {
			isa = PBXProject;
			attributes = {
				BuildIndependentTargetsInParallel = 1;
				LastSwiftUpdateCheck = 1540;
				LastUpgradeCheck = 1540;
				TargetAttributes = {
					5C01ACEB2C152238006CFF5F = {
						CreatedOnToolsVersion = 15.4;
					};
				};
			};
			buildConfigurationList = 5C01ACE72C152238006CFF5F /* Build configuration list for PBXProject "Apto91" */;
			compatibilityVersion = "Xcode 14.0";
			developmentRegion = en;
			hasScannedForEncodings = 0;
			knownRegions = (
				en,
				Base,
			);
			mainGroup = 5C01ACE32C152238006CFF5F;
			productRefGroup = 5C01ACED2C152238006CFF5F /* Products */;
			projectDirPath = "";
			projectRoot = "";
			targets = (
				5C01ACEB2C152238006CFF5F /* Apto91 */,
			);
		};
/* End PBXProject section */

/* Begin PBXResourcesBuildPhase section */
		5C01ACEA2C152238006CFF5F /* Resources */ = {
			isa = PBXResourcesBuildPhase;
			buildActionMask = 2147483647;
			files = (
				5C01ACF92C152239006CFF5F /* Assets.xcassets in Resources */,
				5C01ACFC2C152239006CFF5F /* Base in Resources */,
			);
			runOnlyForDeploymentPostprocessing = 0;
		};
/* End PBXResourcesBuildPhase section */

/* Begin PBXSourcesBuildPhase section */
		5C01ACE82C152238006CFF5F /* Sources */ = {
			isa = PBXSourcesBuildPhase;
			buildActionMask = 2147483647;
			files = (
				5C554EE72C854A5E004D54EB /* HouseSignUpStep4ViewController.swift in Sources */,
				5C01AD112C152B2E006CFF5F /* APHomeView.swift in Sources */,
				5C01AD262C154098006CFF5F /* APProfileView.swift in Sources */,
				5CBE25822C390375000858C1 /* HouseSignUpStep2ViewController.swift in Sources */,
				5C01AD1E2C153ADA006CFF5F /* SharedItensViewController.swift in Sources */,
				5CBE25842C39038D000858C1 /* HouseSignUpStep2View.swift in Sources */,
				5C01AD212C153BB2006CFF5F /* APSharedItensView.swift in Sources */,
				5C01AD172C15331A006CFF5F /* SignUpView.swift in Sources */,
				5CDE8A112C3A2CF4004B557F /* HouseSignUpStep3View.swift in Sources */,
				5C40F04D2C2686CA0005179C /* ResidentSignUpViewController.swift in Sources */,
				5C01AD192C15357E006CFF5F /* BudgetViewController.swift in Sources */,
				5C01AD152C1531A4006CFF5F /* SignUpViewController.swift in Sources */,
				5C01AD232C154077006CFF5F /* ProfileViewController.swift in Sources */,
				5C043DD52C267BE6004A95A7 /* HouseSignUpView.swift in Sources */,
				5CDE8A0F2C3A2C62004B557F /* HouseSignUpStep3ViewController.swift in Sources */,
				5C01ACF42C152238006CFF5F /* HomeViewController.swift in Sources */,
				5C01AD1C2C1535E1006CFF5F /* APBudgetView.swift in Sources */,
				5C01ACF02C152238006CFF5F /* AppDelegate.swift in Sources */,
				5C043DD32C267BB8004A95A7 /* HouseSignUpViewController.swift in Sources */,
				5C01AD132C152EAB006CFF5F /* TabBarViewController.swift in Sources */,
				5C01ACF22C152238006CFF5F /* SceneDelegate.swift in Sources */,
				5C2E77B32C25D318003BCA83 /* Extensions.swift in Sources */,
				5C554EE52C854A36004D54EB /* HouseSignUpStep4View.swift in Sources */,
				5C40F04F2C2687050005179C /* APResidentSignUpView.swift in Sources */,
			);
			runOnlyForDeploymentPostprocessing = 0;
		};
/* End PBXSourcesBuildPhase section */

/* Begin PBXVariantGroup section */
		5C01ACFA2C152239006CFF5F /* LaunchScreen.storyboard */ = {
			isa = PBXVariantGroup;
			children = (
				5C01ACFB2C152239006CFF5F /* Base */,
			);
			name = LaunchScreen.storyboard;
			sourceTree = "<group>";
		};
/* End PBXVariantGroup section */

/* Begin XCBuildConfiguration section */
		5C01ACFE2C152239006CFF5F /* Debug */ = {
			isa = XCBuildConfiguration;
			buildSettings = {
				ALWAYS_SEARCH_USER_PATHS = NO;
				ASSETCATALOG_COMPILER_GENERATE_SWIFT_ASSET_SYMBOL_EXTENSIONS = YES;
				CLANG_ANALYZER_NONNULL = YES;
				CLANG_ANALYZER_NUMBER_OBJECT_CONVERSION = YES_AGGRESSIVE;
				CLANG_CXX_LANGUAGE_STANDARD = "gnu++20";
				CLANG_ENABLE_MODULES = YES;
				CLANG_ENABLE_OBJC_ARC = YES;
				CLANG_ENABLE_OBJC_WEAK = YES;
				CLANG_WARN_BLOCK_CAPTURE_AUTORELEASING = YES;
				CLANG_WARN_BOOL_CONVERSION = YES;
				CLANG_WARN_COMMA = YES;
				CLANG_WARN_CONSTANT_CONVERSION = YES;
				CLANG_WARN_DEPRECATED_OBJC_IMPLEMENTATIONS = YES;
				CLANG_WARN_DIRECT_OBJC_ISA_USAGE = YES_ERROR;
				CLANG_WARN_DOCUMENTATION_COMMENTS = YES;
				CLANG_WARN_EMPTY_BODY = YES;
				CLANG_WARN_ENUM_CONVERSION = YES;
				CLANG_WARN_INFINITE_RECURSION = YES;
				CLANG_WARN_INT_CONVERSION = YES;
				CLANG_WARN_NON_LITERAL_NULL_CONVERSION = YES;
				CLANG_WARN_OBJC_IMPLICIT_RETAIN_SELF = YES;
				CLANG_WARN_OBJC_LITERAL_CONVERSION = YES;
				CLANG_WARN_OBJC_ROOT_CLASS = YES_ERROR;
				CLANG_WARN_QUOTED_INCLUDE_IN_FRAMEWORK_HEADER = YES;
				CLANG_WARN_RANGE_LOOP_ANALYSIS = YES;
				CLANG_WARN_STRICT_PROTOTYPES = YES;
				CLANG_WARN_SUSPICIOUS_MOVE = YES;
				CLANG_WARN_UNGUARDED_AVAILABILITY = YES_AGGRESSIVE;
				CLANG_WARN_UNREACHABLE_CODE = YES;
				CLANG_WARN__DUPLICATE_METHOD_MATCH = YES;
				COPY_PHASE_STRIP = NO;
				DEBUG_INFORMATION_FORMAT = dwarf;
				ENABLE_STRICT_OBJC_MSGSEND = YES;
				ENABLE_TESTABILITY = YES;
				ENABLE_USER_SCRIPT_SANDBOXING = YES;
				GCC_C_LANGUAGE_STANDARD = gnu17;
				GCC_DYNAMIC_NO_PIC = NO;
				GCC_NO_COMMON_BLOCKS = YES;
				GCC_OPTIMIZATION_LEVEL = 0;
				GCC_PREPROCESSOR_DEFINITIONS = (
					"DEBUG=1",
					"$(inherited)",
				);
				GCC_WARN_64_TO_32_BIT_CONVERSION = YES;
				GCC_WARN_ABOUT_RETURN_TYPE = YES_ERROR;
				GCC_WARN_UNDECLARED_SELECTOR = YES;
				GCC_WARN_UNINITIALIZED_AUTOS = YES_AGGRESSIVE;
				GCC_WARN_UNUSED_FUNCTION = YES;
				GCC_WARN_UNUSED_VARIABLE = YES;
				IPHONEOS_DEPLOYMENT_TARGET = 17.5;
				LOCALIZATION_PREFERS_STRING_CATALOGS = YES;
				MTL_ENABLE_DEBUG_INFO = INCLUDE_SOURCE;
				MTL_FAST_MATH = YES;
				ONLY_ACTIVE_ARCH = YES;
				SDKROOT = iphoneos;
				SWIFT_ACTIVE_COMPILATION_CONDITIONS = "DEBUG $(inherited)";
				SWIFT_OPTIMIZATION_LEVEL = "-Onone";
			};
			name = Debug;
		};
		5C01ACFF2C152239006CFF5F /* Release */ = {
			isa = XCBuildConfiguration;
			buildSettings = {
				ALWAYS_SEARCH_USER_PATHS = NO;
				ASSETCATALOG_COMPILER_GENERATE_SWIFT_ASSET_SYMBOL_EXTENSIONS = YES;
				CLANG_ANALYZER_NONNULL = YES;
				CLANG_ANALYZER_NUMBER_OBJECT_CONVERSION = YES_AGGRESSIVE;
				CLANG_CXX_LANGUAGE_STANDARD = "gnu++20";
				CLANG_ENABLE_MODULES = YES;
				CLANG_ENABLE_OBJC_ARC = YES;
				CLANG_ENABLE_OBJC_WEAK = YES;
				CLANG_WARN_BLOCK_CAPTURE_AUTORELEASING = YES;
				CLANG_WARN_BOOL_CONVERSION = YES;
				CLANG_WARN_COMMA = YES;
				CLANG_WARN_CONSTANT_CONVERSION = YES;
				CLANG_WARN_DEPRECATED_OBJC_IMPLEMENTATIONS = YES;
				CLANG_WARN_DIRECT_OBJC_ISA_USAGE = YES_ERROR;
				CLANG_WARN_DOCUMENTATION_COMMENTS = YES;
				CLANG_WARN_EMPTY_BODY = YES;
				CLANG_WARN_ENUM_CONVERSION = YES;
				CLANG_WARN_INFINITE_RECURSION = YES;
				CLANG_WARN_INT_CONVERSION = YES;
				CLANG_WARN_NON_LITERAL_NULL_CONVERSION = YES;
				CLANG_WARN_OBJC_IMPLICIT_RETAIN_SELF = YES;
				CLANG_WARN_OBJC_LITERAL_CONVERSION = YES;
				CLANG_WARN_OBJC_ROOT_CLASS = YES_ERROR;
				CLANG_WARN_QUOTED_INCLUDE_IN_FRAMEWORK_HEADER = YES;
				CLANG_WARN_RANGE_LOOP_ANALYSIS = YES;
				CLANG_WARN_STRICT_PROTOTYPES = YES;
				CLANG_WARN_SUSPICIOUS_MOVE = YES;
				CLANG_WARN_UNGUARDED_AVAILABILITY = YES_AGGRESSIVE;
				CLANG_WARN_UNREACHABLE_CODE = YES;
				CLANG_WARN__DUPLICATE_METHOD_MATCH = YES;
				COPY_PHASE_STRIP = NO;
				DEBUG_INFORMATION_FORMAT = "dwarf-with-dsym";
				ENABLE_NS_ASSERTIONS = NO;
				ENABLE_STRICT_OBJC_MSGSEND = YES;
				ENABLE_USER_SCRIPT_SANDBOXING = YES;
				GCC_C_LANGUAGE_STANDARD = gnu17;
				GCC_NO_COMMON_BLOCKS = YES;
				GCC_WARN_64_TO_32_BIT_CONVERSION = YES;
				GCC_WARN_ABOUT_RETURN_TYPE = YES_ERROR;
				GCC_WARN_UNDECLARED_SELECTOR = YES;
				GCC_WARN_UNINITIALIZED_AUTOS = YES_AGGRESSIVE;
				GCC_WARN_UNUSED_FUNCTION = YES;
				GCC_WARN_UNUSED_VARIABLE = YES;
				IPHONEOS_DEPLOYMENT_TARGET = 17.5;
				LOCALIZATION_PREFERS_STRING_CATALOGS = YES;
				MTL_ENABLE_DEBUG_INFO = NO;
				MTL_FAST_MATH = YES;
				SDKROOT = iphoneos;
				SWIFT_COMPILATION_MODE = wholemodule;
				VALIDATE_PRODUCT = YES;
			};
			name = Release;
		};
		5C01AD012C152239006CFF5F /* Debug */ = {
			isa = XCBuildConfiguration;
			buildSettings = {
				ASSETCATALOG_COMPILER_APPICON_NAME = AppIcon;
				ASSETCATALOG_COMPILER_GLOBAL_ACCENT_COLOR_NAME = AccentColor;
				CODE_SIGN_STYLE = Automatic;
				CURRENT_PROJECT_VERSION = 1;
				DEVELOPMENT_TEAM = 2K35UBXMNN;
				GENERATE_INFOPLIST_FILE = YES;
				INFOPLIST_FILE = Apto91/Info.plist;
				INFOPLIST_KEY_UIApplicationSupportsIndirectInputEvents = YES;
				INFOPLIST_KEY_UILaunchStoryboardName = LaunchScreen;
				INFOPLIST_KEY_UIMainStoryboardFile = "";
				INFOPLIST_KEY_UISupportedInterfaceOrientations = "UIInterfaceOrientationLandscapeLeft UIInterfaceOrientationLandscapeRight UIInterfaceOrientationPortrait UIInterfaceOrientationPortraitUpsideDown";
				IPHONEOS_DEPLOYMENT_TARGET = 17.0;
				LD_RUNPATH_SEARCH_PATHS = (
					"$(inherited)",
					"@executable_path/Frameworks",
				);
				MARKETING_VERSION = 1.0;
				PRODUCT_BUNDLE_IDENTIFIER = com.halvesbatochi.apto91;
				PRODUCT_NAME = "$(TARGET_NAME)";
				SUPPORTED_PLATFORMS = "iphoneos iphonesimulator";
				SUPPORTS_MACCATALYST = NO;
				SUPPORTS_MAC_DESIGNED_FOR_IPHONE_IPAD = NO;
				SUPPORTS_XR_DESIGNED_FOR_IPHONE_IPAD = NO;
				SWIFT_EMIT_LOC_STRINGS = YES;
				SWIFT_VERSION = 5.0;
				TARGETED_DEVICE_FAMILY = "1,2";
			};
			name = Debug;
		};
		5C01AD022C152239006CFF5F /* Release */ = {
			isa = XCBuildConfiguration;
			buildSettings = {
				ASSETCATALOG_COMPILER_APPICON_NAME = AppIcon;
				ASSETCATALOG_COMPILER_GLOBAL_ACCENT_COLOR_NAME = AccentColor;
				CODE_SIGN_STYLE = Automatic;
				CURRENT_PROJECT_VERSION = 1;
				DEVELOPMENT_TEAM = 2K35UBXMNN;
				GENERATE_INFOPLIST_FILE = YES;
				INFOPLIST_FILE = Apto91/Info.plist;
				INFOPLIST_KEY_UIApplicationSupportsIndirectInputEvents = YES;
				INFOPLIST_KEY_UILaunchStoryboardName = LaunchScreen;
				INFOPLIST_KEY_UIMainStoryboardFile = "";
				INFOPLIST_KEY_UISupportedInterfaceOrientations = "UIInterfaceOrientationLandscapeLeft UIInterfaceOrientationLandscapeRight UIInterfaceOrientationPortrait UIInterfaceOrientationPortraitUpsideDown";
				IPHONEOS_DEPLOYMENT_TARGET = 17.0;
				LD_RUNPATH_SEARCH_PATHS = (
					"$(inherited)",
					"@executable_path/Frameworks",
				);
				MARKETING_VERSION = 1.0;
				PRODUCT_BUNDLE_IDENTIFIER = com.halvesbatochi.apto91;
				PRODUCT_NAME = "$(TARGET_NAME)";
				SUPPORTED_PLATFORMS = "iphoneos iphonesimulator";
				SUPPORTS_MACCATALYST = NO;
				SUPPORTS_MAC_DESIGNED_FOR_IPHONE_IPAD = NO;
				SUPPORTS_XR_DESIGNED_FOR_IPHONE_IPAD = NO;
				SWIFT_EMIT_LOC_STRINGS = YES;
				SWIFT_VERSION = 5.0;
				TARGETED_DEVICE_FAMILY = "1,2";
			};
			name = Release;
		};
/* End XCBuildConfiguration section */

/* Begin XCConfigurationList section */
		5C01ACE72C152238006CFF5F /* Build configuration list for PBXProject "Apto91" */ = {
			isa = XCConfigurationList;
			buildConfigurations = (
				5C01ACFE2C152239006CFF5F /* Debug */,
				5C01ACFF2C152239006CFF5F /* Release */,
			);
			defaultConfigurationIsVisible = 0;
			defaultConfigurationName = Release;
		};
		5C01AD002C152239006CFF5F /* Build configuration list for PBXNativeTarget "Apto91" */ = {
			isa = XCConfigurationList;
			buildConfigurations = (
				5C01AD012C152239006CFF5F /* Debug */,
				5C01AD022C152239006CFF5F /* Release */,
			);
			defaultConfigurationIsVisible = 0;
			defaultConfigurationName = Release;
		};
/* End XCConfigurationList section */
	};
	rootObject = 5C01ACE42C152238006CFF5F /* Project object */;
}
